
Microsoft Visual Studio Solution File, Format Version 12.00
# Visual Studio 15
VisualStudioVersion = 15.0.28307.271
MinimumVisualStudioVersion = 10.0.40219.1
Project("{FAE04EC0-301F-11D3-BF4B-00C04F79EFBC}") = "Bloop.GitHub", "Bloop.GitHub\Bloop.GitHub.csproj", "{7AE8FA04-5C26-4850-B704-7211AB6ABC0D}"
EndProject
Global
	GlobalSection(SolutionConfigurationPlatforms) = preSolution
		Debug|Any CPU = Debug|Any CPU
		Release|Any CPU = Release|Any CPU
	EndGlobalSection
	GlobalSection(ProjectConfigurationPlatforms) = postSolution
		{7AE8FA04-5C26-4850-B704-7211AB6ABC0D}.Debug|Any CPU.ActiveCfg = Debug|Any CPU
		{7AE8FA04-5C26-4850-B704-7211AB6ABC0D}.Debug|Any CPU.Build.0 = Debug|Any CPU
		{7AE8FA04-5C26-4850-B704-7211AB6ABC0D}.Release|Any CPU.ActiveCfg = Release|Any CPU
		{7AE8FA04-5C26-4850-B704-7211AB6ABC0D}.Release|Any CPU.Build.0 = Release|Any CPU
	EndGlobalSection
	GlobalSection(SolutionProperties) = preSolution
		HideSolutionNode = FALSE
	EndGlobalSection
	GlobalSection(ExtensibilityGlobals) = postSolution
		SolutionGuid = {6194C998-DA13-4AC6-8E8A-1D162551378C}
	EndGlobalSection
EndGlobal
